
Microsoft Visual Studio Solution File, Format Version 12.00
# Visual Studio Version 17
VisualStudioVersion = 17.5.33502.453
MinimumVisualStudioVersion = 10.0.40219.1
Project("{FAE04EC0-301F-11D3-BF4B-00C04F79EFBC}") = "core-strength-yoga-products", "core-strength-yoga-products.csproj", "{D4723CD4-6F68-4817-9474-C273612E5966}"
EndProject
Global
	GlobalSection(SolutionConfigurationPlatforms) = preSolution
		Debug|Any CPU = Debug|Any CPU
		Release|Any CPU = Release|Any CPU
	EndGlobalSection
	GlobalSection(ProjectConfigurationPlatforms) = postSolution
		{D4723CD4-6F68-4817-9474-C273612E5966}.Debug|Any CPU.ActiveCfg = Debug|Any CPU
		{D4723CD4-6F68-4817-9474-C273612E5966}.Debug|Any CPU.Build.0 = Debug|Any CPU
		{D4723CD4-6F68-4817-9474-C273612E5966}.Release|Any CPU.ActiveCfg = Release|Any CPU
		{D4723CD4-6F68-4817-9474-C273612E5966}.Release|Any CPU.Build.0 = Release|Any CPU
	EndGlobalSection
	GlobalSection(SolutionProperties) = preSolution
		HideSolutionNode = FALSE
	EndGlobalSection
	GlobalSection(ExtensibilityGlobals) = postSolution
		SolutionGuid = {DC438F26-0A2B-44BF-A679-C72EDB42758A}
	EndGlobalSection
EndGlobal
